
Microsoft Visual Studio Solution File, Format Version 12.00
# Visual Studio 15
VisualStudioVersion = 15.0.28307.1401
MinimumVisualStudioVersion = 10.0.40219.1
Project("{159641D6-6404-4A2A-AE62-294DE0FE8301}") = "MY_SSIS_new", "..\MY SSIS-02-2021\MY_SSIS_new\MY_SSIS_new\MY_SSIS_new.dtproj", "{9E357771-4CF0-4D68-B67B-F4133CCF2A91}"
EndProject
Global
	GlobalSection(SolutionConfigurationPlatforms) = preSolution
		Development|Default = Development|Default
	EndGlobalSection
	GlobalSection(ProjectConfigurationPlatforms) = postSolution
		{9E357771-4CF0-4D68-B67B-F4133CCF2A91}.Development|Default.ActiveCfg = Development
		{9E357771-4CF0-4D68-B67B-F4133CCF2A91}.Development|Default.Build.0 = Development
	EndGlobalSection
	GlobalSection(SolutionProperties) = preSolution
		HideSolutionNode = FALSE
	EndGlobalSection
	GlobalSection(ExtensibilityGlobals) = postSolution
		SolutionGuid = {E01E5042-BE9D-42D6-9C8F-225D37AD7F10}
	EndGlobalSection
EndGlobal
